
Microsoft Visual Studio Solution File, Format Version 12.00
# Visual Studio Version 17
VisualStudioVersion = 17.4.33213.308
MinimumVisualStudioVersion = 10.0.40219.1
Project("{2150E333-8FDC-42A3-9474-1A3956D46DE8}") = "src", "src", "{5FFFC330-0E8C-429C-8F7C-AF76044DB029}"
EndProject
Project("{2150E333-8FDC-42A3-9474-1A3956D46DE8}") = "solution items", "solution items", "{5B7DDBAC-1A6A-4D1B-A950-0AFF2834DF5A}"
	ProjectSection(SolutionItems) = preProject
		data\prometheus\config\prometheus.yml = data\prometheus\config\prometheus.yml
	EndProjectSection
EndProject
Project("{E53339B2-1760-4266-BCC7-CA923CBCF16C}") = "docker-compose", "docker-compose.dcproj", "{B99E73E3-3460-4E3C-9936-071FB58C0D19}"
EndProject
Project("{9A19103F-16F7-4668-BE54-9A1E7A4F7556}") = "TestAPI", "TestAPI\TestAPI.csproj", "{CAFFDF7A-44DA-4448-A650-68DF0C566F2C}"
EndProject
Project("{9A19103F-16F7-4668-BE54-9A1E7A4F7556}") = "TrafficGenerator", "TrafficGenerator\TrafficGenerator.csproj", "{47FDA228-2F68-4582-94FC-454BE05CECDF}"
EndProject
Project("{9A19103F-16F7-4668-BE54-9A1E7A4F7556}") = "PerturbationInjector", "PerturbationInjector\PerturbationInjector.csproj", "{4EA9515E-6172-48D7-8365-E8283604B30C}"
EndProject
Global
	GlobalSection(SolutionConfigurationPlatforms) = preSolution
		Debug|Any CPU = Debug|Any CPU
		Release|Any CPU = Release|Any CPU
	EndGlobalSection
	GlobalSection(ProjectConfigurationPlatforms) = postSolution
		{B99E73E3-3460-4E3C-9936-071FB58C0D19}.Debug|Any CPU.ActiveCfg = Debug|Any CPU
		{B99E73E3-3460-4E3C-9936-071FB58C0D19}.Debug|Any CPU.Build.0 = Debug|Any CPU
		{B99E73E3-3460-4E3C-9936-071FB58C0D19}.Release|Any CPU.ActiveCfg = Release|Any CPU
		{B99E73E3-3460-4E3C-9936-071FB58C0D19}.Release|Any CPU.Build.0 = Release|Any CPU
		{CAFFDF7A-44DA-4448-A650-68DF0C566F2C}.Debug|Any CPU.ActiveCfg = Debug|Any CPU
		{CAFFDF7A-44DA-4448-A650-68DF0C566F2C}.Debug|Any CPU.Build.0 = Debug|Any CPU
		{CAFFDF7A-44DA-4448-A650-68DF0C566F2C}.Release|Any CPU.ActiveCfg = Release|Any CPU
		{CAFFDF7A-44DA-4448-A650-68DF0C566F2C}.Release|Any CPU.Build.0 = Release|Any CPU
		{47FDA228-2F68-4582-94FC-454BE05CECDF}.Debug|Any CPU.ActiveCfg = Debug|Any CPU
		{47FDA228-2F68-4582-94FC-454BE05CECDF}.Debug|Any CPU.Build.0 = Debug|Any CPU
		{47FDA228-2F68-4582-94FC-454BE05CECDF}.Release|Any CPU.ActiveCfg = Release|Any CPU
		{47FDA228-2F68-4582-94FC-454BE05CECDF}.Release|Any CPU.Build.0 = Release|Any CPU
		{4EA9515E-6172-48D7-8365-E8283604B30C}.Debug|Any CPU.ActiveCfg = Debug|Any CPU
		{4EA9515E-6172-48D7-8365-E8283604B30C}.Debug|Any CPU.Build.0 = Debug|Any CPU
		{4EA9515E-6172-48D7-8365-E8283604B30C}.Release|Any CPU.ActiveCfg = Release|Any CPU
		{4EA9515E-6172-48D7-8365-E8283604B30C}.Release|Any CPU.Build.0 = Release|Any CPU
	EndGlobalSection
	GlobalSection(SolutionProperties) = preSolution
		HideSolutionNode = FALSE
	EndGlobalSection
	GlobalSection(NestedProjects) = preSolution
		{CAFFDF7A-44DA-4448-A650-68DF0C566F2C} = {5FFFC330-0E8C-429C-8F7C-AF76044DB029}
		{47FDA228-2F68-4582-94FC-454BE05CECDF} = {5FFFC330-0E8C-429C-8F7C-AF76044DB029}
		{4EA9515E-6172-48D7-8365-E8283604B30C} = {5FFFC330-0E8C-429C-8F7C-AF76044DB029}
	EndGlobalSection
	GlobalSection(ExtensibilityGlobals) = postSolution
		SolutionGuid = {3AD263D3-2732-4A1A-B317-05A65D76965A}
	EndGlobalSection
EndGlobal
